
Microsoft Visual Studio Solution File, Format Version 12.00
# Visual Studio Version 17
VisualStudioVersion = 17.7.34202.233
MinimumVisualStudioVersion = 10.0.40219.1
Project("{9A19103F-16F7-4668-BE54-9A1E7A4F7556}") = "BlazorLoginApp.Server", "BlazorLoginApp\Server\BlazorLoginApp.Server.csproj", "{EA1C8E91-60E8-4106-9B78-6B9CCB3D2EF5}"
EndProject
Project("{9A19103F-16F7-4668-BE54-9A1E7A4F7556}") = "BlazorLoginApp.Client", "BlazorLoginApp\Client\BlazorLoginApp.Client.csproj", "{F684A94D-A275-4386-B421-E72BEDE6078C}"
EndProject
Project("{9A19103F-16F7-4668-BE54-9A1E7A4F7556}") = "BlazorLoginApp.Shared", "BlazorLoginApp\Shared\BlazorLoginApp.Shared.csproj", "{4480AC23-32A9-4196-B1AE-42E38DBA3C90}"
EndProject
Global
	GlobalSection(SolutionConfigurationPlatforms) = preSolution
		Debug|Any CPU = Debug|Any CPU
		Release|Any CPU = Release|Any CPU
	EndGlobalSection
	GlobalSection(ProjectConfigurationPlatforms) = postSolution
		{EA1C8E91-60E8-4106-9B78-6B9CCB3D2EF5}.Debug|Any CPU.ActiveCfg = Debug|Any CPU
		{EA1C8E91-60E8-4106-9B78-6B9CCB3D2EF5}.Debug|Any CPU.Build.0 = Debug|Any CPU
		{EA1C8E91-60E8-4106-9B78-6B9CCB3D2EF5}.Release|Any CPU.ActiveCfg = Release|Any CPU
		{EA1C8E91-60E8-4106-9B78-6B9CCB3D2EF5}.Release|Any CPU.Build.0 = Release|Any CPU
		{F684A94D-A275-4386-B421-E72BEDE6078C}.Debug|Any CPU.ActiveCfg = Debug|Any CPU
		{F684A94D-A275-4386-B421-E72BEDE6078C}.Debug|Any CPU.Build.0 = Debug|Any CPU
		{F684A94D-A275-4386-B421-E72BEDE6078C}.Release|Any CPU.ActiveCfg = Release|Any CPU
		{F684A94D-A275-4386-B421-E72BEDE6078C}.Release|Any CPU.Build.0 = Release|Any CPU
		{4480AC23-32A9-4196-B1AE-42E38DBA3C90}.Debug|Any CPU.ActiveCfg = Debug|Any CPU
		{4480AC23-32A9-4196-B1AE-42E38DBA3C90}.Debug|Any CPU.Build.0 = Debug|Any CPU
		{4480AC23-32A9-4196-B1AE-42E38DBA3C90}.Release|Any CPU.ActiveCfg = Release|Any CPU
		{4480AC23-32A9-4196-B1AE-42E38DBA3C90}.Release|Any CPU.Build.0 = Release|Any CPU
	EndGlobalSection
	GlobalSection(SolutionProperties) = preSolution
		HideSolutionNode = FALSE
	EndGlobalSection
	GlobalSection(ExtensibilityGlobals) = postSolution
		SolutionGuid = {963E3537-1C3C-4507-A211-E2F0E2CEE72F}
	EndGlobalSection
EndGlobal
